
Microsoft Visual Studio Solution File, Format Version 12.00
# Visual Studio Version 17
VisualStudioVersion = 17.14.36301.6 d17.14
MinimumVisualStudioVersion = 10.0.40219.1
Project("{FAE04EC0-301F-11D3-BF4B-00C04F79EFBC}") = "LibraryOfBabel", "LibraryOfBabel\LibraryOfBabel.csproj", "{ABC6ABDC-4C70-4518-A47D-2EBC68282532}"
EndProject
Global
	GlobalSection(SolutionConfigurationPlatforms) = preSolution
		Debug|Any CPU = Debug|Any CPU
		Release|Any CPU = Release|Any CPU
	EndGlobalSection
	GlobalSection(ProjectConfigurationPlatforms) = postSolution
		{ABC6ABDC-4C70-4518-A47D-2EBC68282532}.Debug|Any CPU.ActiveCfg = Debug|Any CPU
		{ABC6ABDC-4C70-4518-A47D-2EBC68282532}.Debug|Any CPU.Build.0 = Debug|Any CPU
		{ABC6ABDC-4C70-4518-A47D-2EBC68282532}.Release|Any CPU.ActiveCfg = Release|Any CPU
		{ABC6ABDC-4C70-4518-A47D-2EBC68282532}.Release|Any CPU.Build.0 = Release|Any CPU
	EndGlobalSection
	GlobalSection(SolutionProperties) = preSolution
		HideSolutionNode = FALSE
	EndGlobalSection
	GlobalSection(ExtensibilityGlobals) = postSolution
		SolutionGuid = {36DC817A-74BE-4BD8-AC59-23FB8764B396}
	EndGlobalSection
EndGlobal
